
Microsoft Visual Studio Solution File, Format Version 12.00
# Visual Studio Version 16
VisualStudioVersion = 16.0.31729.503
MinimumVisualStudioVersion = 10.0.40219.1
Project("{FAE04EC0-301F-11D3-BF4B-00C04F79EFBC}") = "Partner.Framework.Dapper.Common", "..\versashopapi\Partner.Framework4.6.Common\Partner.Framework.Dapper.Common.csproj", "{47D5CD47-B0CF-41C5-B458-FF2AEF88F466}"
EndProject
Project("{FAE04EC0-301F-11D3-BF4B-00C04F79EFBC}") = "Partner.Framework.Dapper.DAL", "..\versashopapi\Partner.Framework4.6.DAL\Partner.Framework.Dapper.DAL.csproj", "{DD7786C6-F5A9-416D-ACC2-8C1AA036D2ED}"
EndProject
Project("{FAE04EC0-301F-11D3-BF4B-00C04F79EFBC}") = "versaCommon", "versaBusinessCommon\versaCommon.csproj", "{397CEFE5-3B2E-4D84-A8B9-61485ABF0EE8}"
EndProject
Project("{FAE04EC0-301F-11D3-BF4B-00C04F79EFBC}") = "versaData", "versaData\versaData.csproj", "{10C0BE88-AB3C-4134-852A-3C5BAE7C8662}"
EndProject
Project("{FAE04EC0-301F-11D3-BF4B-00C04F79EFBC}") = "versaAPI", "versaAPI\versaAPI.csproj", "{A6191143-2AE0-40F9-984B-4827FD85DF66}"
EndProject
Project("{FAE04EC0-301F-11D3-BF4B-00C04F79EFBC}") = "versaAPP", "versaAPP\versaAPP.csproj", "{31C493C7-AD72-4EAE-AD66-6176EB148A7F}"
EndProject
Global
	GlobalSection(SolutionConfigurationPlatforms) = preSolution
		Debug|Any CPU = Debug|Any CPU
		Release|Any CPU = Release|Any CPU
	EndGlobalSection
	GlobalSection(ProjectConfigurationPlatforms) = postSolution
		{47D5CD47-B0CF-41C5-B458-FF2AEF88F466}.Debug|Any CPU.ActiveCfg = Debug|Any CPU
		{47D5CD47-B0CF-41C5-B458-FF2AEF88F466}.Debug|Any CPU.Build.0 = Debug|Any CPU
		{47D5CD47-B0CF-41C5-B458-FF2AEF88F466}.Release|Any CPU.ActiveCfg = Release|Any CPU
		{47D5CD47-B0CF-41C5-B458-FF2AEF88F466}.Release|Any CPU.Build.0 = Release|Any CPU
		{DD7786C6-F5A9-416D-ACC2-8C1AA036D2ED}.Debug|Any CPU.ActiveCfg = Debug|Any CPU
		{DD7786C6-F5A9-416D-ACC2-8C1AA036D2ED}.Debug|Any CPU.Build.0 = Debug|Any CPU
		{DD7786C6-F5A9-416D-ACC2-8C1AA036D2ED}.Release|Any CPU.ActiveCfg = Release|Any CPU
		{DD7786C6-F5A9-416D-ACC2-8C1AA036D2ED}.Release|Any CPU.Build.0 = Release|Any CPU
		{397CEFE5-3B2E-4D84-A8B9-61485ABF0EE8}.Debug|Any CPU.ActiveCfg = Debug|Any CPU
		{397CEFE5-3B2E-4D84-A8B9-61485ABF0EE8}.Debug|Any CPU.Build.0 = Debug|Any CPU
		{397CEFE5-3B2E-4D84-A8B9-61485ABF0EE8}.Release|Any CPU.ActiveCfg = Release|Any CPU
		{397CEFE5-3B2E-4D84-A8B9-61485ABF0EE8}.Release|Any CPU.Build.0 = Release|Any CPU
		{10C0BE88-AB3C-4134-852A-3C5BAE7C8662}.Debug|Any CPU.ActiveCfg = Debug|Any CPU
		{10C0BE88-AB3C-4134-852A-3C5BAE7C8662}.Debug|Any CPU.Build.0 = Debug|Any CPU
		{10C0BE88-AB3C-4134-852A-3C5BAE7C8662}.Release|Any CPU.ActiveCfg = Release|Any CPU
		{10C0BE88-AB3C-4134-852A-3C5BAE7C8662}.Release|Any CPU.Build.0 = Release|Any CPU
		{A6191143-2AE0-40F9-984B-4827FD85DF66}.Debug|Any CPU.ActiveCfg = Debug|Any CPU
		{A6191143-2AE0-40F9-984B-4827FD85DF66}.Debug|Any CPU.Build.0 = Debug|Any CPU
		{A6191143-2AE0-40F9-984B-4827FD85DF66}.Release|Any CPU.ActiveCfg = Release|Any CPU
		{A6191143-2AE0-40F9-984B-4827FD85DF66}.Release|Any CPU.Build.0 = Release|Any CPU
		{31C493C7-AD72-4EAE-AD66-6176EB148A7F}.Debug|Any CPU.ActiveCfg = Debug|Any CPU
		{31C493C7-AD72-4EAE-AD66-6176EB148A7F}.Debug|Any CPU.Build.0 = Debug|Any CPU
		{31C493C7-AD72-4EAE-AD66-6176EB148A7F}.Release|Any CPU.ActiveCfg = Release|Any CPU
		{31C493C7-AD72-4EAE-AD66-6176EB148A7F}.Release|Any CPU.Build.0 = Release|Any CPU
	EndGlobalSection
	GlobalSection(SolutionProperties) = preSolution
		HideSolutionNode = FALSE
	EndGlobalSection
	GlobalSection(ExtensibilityGlobals) = postSolution
		SolutionGuid = {AF64A55D-4076-4840-899C-0940C23A628D}
	EndGlobalSection
EndGlobal
